// !$*UTF8*$!
{
	archiveVersion = 1;
	classes = {
	};
	objectVersion = 50;
	objects = {

/* Begin PBXBuildFile section */
		35D45209248C31CB00C259C0 /* AppDelegate.swift in Sources */ = {isa = PBXBuildFile; fileRef = 35D45208248C31CB00C259C0 /* AppDelegate.swift */; };
		35D4520B248C31CB00C259C0 /* SceneDelegate.swift in Sources */ = {isa = PBXBuildFile; fileRef = 35D4520A248C31CB00C259C0 /* SceneDelegate.swift */; };
		35D4520D248C31CB00C259C0 /* ViewController.swift in Sources */ = {isa = PBXBuildFile; fileRef = 35D4520C248C31CB00C259C0 /* ViewController.swift */; };
		35D45210248C31CB00C259C0 /* Main.storyboard in Resources */ = {isa = PBXBuildFile; fileRef = 35D4520E248C31CB00C259C0 /* Main.storyboard */; };
		35D45212248C31CC00C259C0 /* Assets.xcassets in Resources */ = {isa = PBXBuildFile; fileRef = 35D45211248C31CC00C259C0 /* Assets.xcassets */; };
		35D45215248C31CC00C259C0 /* LaunchScreen.storyboard in Resources */ = {isa = PBXBuildFile; fileRef = 35D45213248C31CC00C259C0 /* LaunchScreen.storyboard */; };
		35D4521E248C331800C259C0 /* HeroTableViewCell.swift in Sources */ = {isa = PBXBuildFile; fileRef = 35D4521C248C331800C259C0 /* HeroTableViewCell.swift */; };
		35D4521F248C331800C259C0 /* HeroTableViewCell.xib in Resources */ = {isa = PBXBuildFile; fileRef = 35D4521D248C331800C259C0 /* HeroTableViewCell.xib */; };
		35D45226248C372B00C259C0 /* DummyHeroes.swift in Sources */ = {isa = PBXBuildFile; fileRef = 35D45225248C372B00C259C0 /* DummyHeroes.swift */; };
		35D45228248C378A00C259C0 /* Hero.swift in Sources */ = {isa = PBXBuildFile; fileRef = 35D45227248C378A00C259C0 /* Hero.swift */; };
		35D4522B248C3DAA00C259C0 /* DetailViewController.swift in Sources */ = {isa = PBXBuildFile; fileRef = 35D45229248C3DAA00C259C0 /* DetailViewController.swift */; };
		35D4522C248C3DAA00C259C0 /* DetailViewController.xib in Resources */ = {isa = PBXBuildFile; fileRef = 35D4522A248C3DAA00C259C0 /* DetailViewController.xib */; };
/* End PBXBuildFile section */

/* Begin PBXFileReference section */
		35D45205248C31CB00C259C0 /* MyHeroApp.app */ = {isa = PBXFileReference; explicitFileType = wrapper.application; includeInIndex = 0; path = MyHeroApp.app; sourceTree = BUILT_PRODUCTS_DIR; };
		35D45208248C31CB00C259C0 /* AppDelegate.swift */ = {isa = PBXFileReference; lastKnownFileType = sourcecode.swift; path = AppDelegate.swift; sourceTree = "<group>"; };
		35D4520A248C31CB00C259C0 /* SceneDelegate.swift */ = {isa = PBXFileReference; lastKnownFileType = sourcecode.swift; path = SceneDelegate.swift; sourceTree = "<group>"; };
		35D4520C248C31CB00C259C0 /* ViewController.swift */ = {isa = PBXFileReference; lastKnownFileType = sourcecode.swift; path = ViewController.swift; sourceTree = "<group>"; };
		35D4520F248C31CB00C259C0 /* Base */ = {isa = PBXFileReference; lastKnownFileType = file.storyboard; name = Base; path = Base.lproj/Main.storyboard; sourceTree = "<group>"; };
		35D45211248C31CC00C259C0 /* Assets.xcassets */ = {isa = PBXFileReference; lastKnownFileType = folder.assetcatalog; path = Assets.xcassets; sourceTree = "<group>"; };
		35D45214248C31CC00C259C0 /* Base */ = {isa = PBXFileReference; lastKnownFileType = file.storyboard; name = Base; path = Base.lproj/LaunchScreen.storyboard; sourceTree = "<group>"; };
		35D45216248C31CC00C259C0 /* Info.plist */ = {isa = PBXFileReference; lastKnownFileType = text.plist.xml; path = Info.plist; sourceTree = "<group>"; };
		35D4521C248C331800C259C0 /* HeroTableViewCell.swift */ = {isa = PBXFileReference; lastKnownFileType = sourcecode.swift; path = HeroTableViewCell.swift; sourceTree = "<group>"; };
		35D4521D248C331800C259C0 /* HeroTableViewCell.xib */ = {isa = PBXFileReference; lastKnownFileType = file.xib; path = HeroTableViewCell.xib; sourceTree = "<group>"; };
		35D45225248C372B00C259C0 /* DummyHeroes.swift */ = {isa = PBXFileReference; lastKnownFileType = sourcecode.swift; path = DummyHeroes.swift; sourceTree = "<group>"; };
		35D45227248C378A00C259C0 /* Hero.swift */ = {isa = PBXFileReference; lastKnownFileType = sourcecode.swift; path = Hero.swift; sourceTree = "<group>"; };
		35D45229248C3DAA00C259C0 /* DetailViewController.swift */ = {isa = PBXFileReference; lastKnownFileType = sourcecode.swift; path = DetailViewController.swift; sourceTree = "<group>"; };
		35D4522A248C3DAA00C259C0 /* DetailViewController.xib */ = {isa = PBXFileReference; lastKnownFileType = file.xib; path = DetailViewController.xib; sourceTree = "<group>"; };
/* End PBXFileReference section */

/* Begin PBXFrameworksBuildPhase section */
		35D45202248C31CB00C259C0 /* Frameworks */ = {
			isa = PBXFrameworksBuildPhase;
			buildActionMask = 2147483647;
			files = (
			);
			runOnlyForDeploymentPostprocessing = 0;
		};
/* End PBXFrameworksBuildPhase section */

/* Begin PBXGroup section */
		35D451FC248C31CB00C259C0 = {
			isa = PBXGroup;
			children = (
				35D45207248C31CB00C259C0 /* MyHeroApp */,
				35D45206248C31CB00C259C0 /* Products */,
			);
			sourceTree = "<group>";
		};
		35D45206248C31CB00C259C0 /* Products */ = {
			isa = PBXGroup;
			children = (
				35D45205248C31CB00C259C0 /* MyHeroApp.app */,
			);
			name = Products;
			sourceTree = "<group>";
		};
		35D45207248C31CB00C259C0 /* MyHeroApp */ = {
			isa = PBXGroup;
			children = (
				35D45220248C36BA00C259C0 /* Base */,
				35D45221248C36D500C259C0 /* Controller */,
				35D45222248C36EB00C259C0 /* View */,
				35D45211248C31CC00C259C0 /* Assets.xcassets */,
				35D45224248C36FB00C259C0 /* Model */,
				35D45216248C31CC00C259C0 /* Info.plist */,
			);
			path = MyHeroApp;
			sourceTree = "<group>";
		};
		35D45220248C36BA00C259C0 /* Base */ = {
			isa = PBXGroup;
			children = (
				35D4520A248C31CB00C259C0 /* SceneDelegate.swift */,
				35D45208248C31CB00C259C0 /* AppDelegate.swift */,
			);
			path = Base;
			sourceTree = "<group>";
		};
		35D45221248C36D500C259C0 /* Controller */ = {
			isa = PBXGroup;
			children = (
				35D4520C248C31CB00C259C0 /* ViewController.swift */,
				35D4521C248C331800C259C0 /* HeroTableViewCell.swift */,
				35D45229248C3DAA00C259C0 /* DetailViewController.swift */,
			);
			path = Controller;
			sourceTree = "<group>";
		};
		35D45222248C36EB00C259C0 /* View */ = {
			isa = PBXGroup;
			children = (
				35D4522A248C3DAA00C259C0 /* DetailViewController.xib */,
				35D4520E248C31CB00C259C0 /* Main.storyboard */,
				35D45213248C31CC00C259C0 /* LaunchScreen.storyboard */,
				35D4521D248C331800C259C0 /* HeroTableViewCell.xib */,
			);
			path = View;
			sourceTree = "<group>";
		};
		35D45224248C36FB00C259C0 /* Model */ = {
			isa = PBXGroup;
			children = (
				35D45225248C372B00C259C0 /* DummyHeroes.swift */,
				35D45227248C378A00C259C0 /* Hero.swift */,
			);
			path = Model;
			sourceTree = "<group>";
		};
/* End PBXGroup section */

/* Begin PBXNativeTarget section */
		35D45204248C31CB00C259C0 /* MyHeroApp */ = {
			isa = PBXNativeTarget;
			buildConfigurationList = 35D45219248C31CC00C259C0 /* Build configuration list for PBXNativeTarget "MyHeroApp" */;
			buildPhases = (
				35D45201248C31CB00C259C0 /* Sources */,
				35D45202248C31CB00C259C0 /* Frameworks */,
				35D45203248C31CB00C259C0 /* Resources */,
			);
			buildRules = (
			);
			dependencies = (
			);
			name = MyHeroApp;
			productName = MyHeroApp;
			productReference = 35D45205248C31CB00C259C0 /* MyHeroApp.app */;
			productType = "com.apple.product-type.application";
		};
/* End PBXNativeTarget section */

/* Begin PBXProject section */
		35D451FD248C31CB00C259C0 /* Project object */ = {
			isa = PBXProject;
			attributes = {
				LastSwiftUpdateCheck = 1150;
				LastUpgradeCheck = 1150;
				ORGANIZATIONNAME = "Dicoding Indonesia";
				TargetAttributes = {
					35D45204248C31CB00C259C0 = {
						CreatedOnToolsVersion = 11.5;
					};
				};
			};
			buildConfigurationList = 35D45200248C31CB00C259C0 /* Build configuration list for PBXProject "MyHeroApp" */;
			compatibilityVersion = "Xcode 9.3";
			developmentRegion = en;
			hasScannedForEncodings = 0;
			knownRegions = (
				en,
				Base,
			);
			mainGroup = 35D451FC248C31CB00C259C0;
			productRefGroup = 35D45206248C31CB00C259C0 /* Products */;
			projectDirPath = "";
			projectRoot = "";
			targets = (
				35D45204248C31CB00C259C0 /* MyHeroApp */,
			);
		};
/* End PBXProject section */

/* Begin PBXResourcesBuildPhase section */
		35D45203248C31CB00C259C0 /* Resources */ = {
			isa = PBXResourcesBuildPhase;
			buildActionMask = 2147483647;
			files = (
				35D45215248C31CC00C259C0 /* LaunchScreen.storyboard in Resources */,
				35D45212248C31CC00C259C0 /* Assets.xcassets in Resources */,
				35D4522C248C3DAA00C259C0 /* DetailViewController.xib in Resources */,
				35D45210248C31CB00C259C0 /* Main.storyboard in Resources */,
				35D4521F248C331800C259C0 /* HeroTableViewCell.xib in Resources */,
			);
			runOnlyForDeploymentPostprocessing = 0;
		};
/* End PBXResourcesBuildPhase section */

/* Begin PBXSourcesBuildPhase section */
		35D45201248C31CB00C259C0 /* Sources */ = {
			isa = PBXSourcesBuildPhase;
			buildActionMask = 2147483647;
			files = (
				35D4520D248C31CB00C259C0 /* ViewController.swift in Sources */,
				35D45209248C31CB00C259C0 /* AppDelegate.swift in Sources */,
				35D45226248C372B00C259C0 /* DummyHeroes.swift in Sources */,
				35D4520B248C31CB00C259C0 /* SceneDelegate.swift in Sources */,
				35D4521E248C331800C259C0 /* HeroTableViewCell.swift in Sources */,
				35D45228248C378A00C259C0 /* Hero.swift in Sources */,
				35D4522B248C3DAA00C259C0 /* DetailViewController.swift in Sources */,
			);
			runOnlyForDeploymentPostprocessing = 0;
		};
/* End PBXSourcesBuildPhase section */

/* Begin PBXVariantGroup section */
		35D4520E248C31CB00C259C0 /* Main.storyboard */ = {
			isa = PBXVariantGroup;
			children = (
				35D4520F248C31CB00C259C0 /* Base */,
			);
			name = Main.storyboard;
			sourceTree = "<group>";
		};
		35D45213248C31CC00C259C0 /* LaunchScreen.storyboard */ = {
			isa = PBXVariantGroup;
			children = (
				35D45214248C31CC00C259C0 /* Base */,
			);
			name = LaunchScreen.storyboard;
			sourceTree = "<group>";
		};
/* End PBXVariantGroup section */

/* Begin XCBuildConfiguration section */
		35D45217248C31CC00C259C0 /* Debug */ = {
			isa = XCBuildConfiguration;
			buildSettings = {
				ALWAYS_SEARCH_USER_PATHS = NO;
				CLANG_ANALYZER_NONNULL = YES;
				CLANG_ANALYZER_NUMBER_OBJECT_CONVERSION = YES_AGGRESSIVE;
				CLANG_CXX_LANGUAGE_STANDARD = "gnu++14";
				CLANG_CXX_LIBRARY = "libc++";
				CLANG_ENABLE_MODULES = YES;
				CLANG_ENABLE_OBJC_ARC = YES;
				CLANG_ENABLE_OBJC_WEAK = YES;
				CLANG_WARN_BLOCK_CAPTURE_AUTORELEASING = YES;
				CLANG_WARN_BOOL_CONVERSION = YES;
				CLANG_WARN_COMMA = YES;
				CLANG_WARN_CONSTANT_CONVERSION = YES;
				CLANG_WARN_DEPRECATED_OBJC_IMPLEMENTATIONS = YES;
				CLANG_WARN_DIRECT_OBJC_ISA_USAGE = YES_ERROR;
				CLANG_WARN_DOCUMENTATION_COMMENTS = YES;
				CLANG_WARN_EMPTY_BODY = YES;
				CLANG_WARN_ENUM_CONVERSION = YES;
				CLANG_WARN_INFINITE_RECURSION = YES;
				CLANG_WARN_INT_CONVERSION = YES;
				CLANG_WARN_NON_LITERAL_NULL_CONVERSION = YES;
				CLANG_WARN_OBJC_IMPLICIT_RETAIN_SELF = YES;
				CLANG_WARN_OBJC_LITERAL_CONVERSION = YES;
				CLANG_WARN_OBJC_ROOT_CLASS = YES_ERROR;
				CLANG_WARN_RANGE_LOOP_ANALYSIS = YES;
				CLANG_WARN_STRICT_PROTOTYPES = YES;
				CLANG_WARN_SUSPICIOUS_MOVE = YES;
				CLANG_WARN_UNGUARDED_AVAILABILITY = YES_AGGRESSIVE;
				CLANG_WARN_UNREACHABLE_CODE = YES;
				CLANG_WARN__DUPLICATE_METHOD_MATCH = YES;
				COPY_PHASE_STRIP = NO;
				DEBUG_INFORMATION_FORMAT = dwarf;
				ENABLE_STRICT_OBJC_MSGSEND = YES;
				ENABLE_TESTABILITY = YES;
				GCC_C_LANGUAGE_STANDARD = gnu11;
				GCC_DYNAMIC_NO_PIC = NO;
				GCC_NO_COMMON_BLOCKS = YES;
				GCC_OPTIMIZATION_LEVEL = 0;
				GCC_PREPROCESSOR_DEFINITIONS = (
					"DEBUG=1",
					"$(inherited)",
				);
				GCC_WARN_64_TO_32_BIT_CONVERSION = YES;
				GCC_WARN_ABOUT_RETURN_TYPE = YES_ERROR;
				GCC_WARN_UNDECLARED_SELECTOR = YES;
				GCC_WARN_UNINITIALIZED_AUTOS = YES_AGGRESSIVE;
				GCC_WARN_UNUSED_FUNCTION = YES;
				GCC_WARN_UNUSED_VARIABLE = YES;
				IPHONEOS_DEPLOYMENT_TARGET = 13.5;
				MTL_ENABLE_DEBUG_INFO = INCLUDE_SOURCE;
				MTL_FAST_MATH = YES;
				ONLY_ACTIVE_ARCH = YES;
				SDKROOT = iphoneos;
				SWIFT_ACTIVE_COMPILATION_CONDITIONS = DEBUG;
				SWIFT_OPTIMIZATION_LEVEL = "-Onone";
			};
			name = Debug;
		};
		35D45218248C31CC00C259C0 /* Release */ = {
			isa = XCBuildConfiguration;
			buildSettings = {
				ALWAYS_SEARCH_USER_PATHS = NO;
				CLANG_ANALYZER_NONNULL = YES;
				CLANG_ANALYZER_NUMBER_OBJECT_CONVERSION = YES_AGGRESSIVE;
				CLANG_CXX_LANGUAGE_STANDARD = "gnu++14";
				CLANG_CXX_LIBRARY = "libc++";
				CLANG_ENABLE_MODULES = YES;
				CLANG_ENABLE_OBJC_ARC = YES;
				CLANG_ENABLE_OBJC_WEAK = YES;
				CLANG_WARN_BLOCK_CAPTURE_AUTORELEASING = YES;
				CLANG_WARN_BOOL_CONVERSION = YES;
				CLANG_WARN_COMMA = YES;
				CLANG_WARN_CONSTANT_CONVERSION = YES;
				CLANG_WARN_DEPRECATED_OBJC_IMPLEMENTATIONS = YES;
				CLANG_WARN_DIRECT_OBJC_ISA_USAGE = YES_ERROR;
				CLANG_WARN_DOCUMENTATION_COMMENTS = YES;
				CLANG_WARN_EMPTY_BODY = YES;
				CLANG_WARN_ENUM_CONVERSION = YES;
				CLANG_WARN_INFINITE_RECURSION = YES;
				CLANG_WARN_INT_CONVERSION = YES;
				CLANG_WARN_NON_LITERAL_NULL_CONVERSION = YES;
				CLANG_WARN_OBJC_IMPLICIT_RETAIN_SELF = YES;
				CLANG_WARN_OBJC_LITERAL_CONVERSION = YES;
				CLANG_WARN_OBJC_ROOT_CLASS = YES_ERROR;
				CLANG_WARN_RANGE_LOOP_ANALYSIS = YES;
				CLANG_WARN_STRICT_PROTOTYPES = YES;
				CLANG_WARN_SUSPICIOUS_MOVE = YES;
				CLANG_WARN_UNGUARDED_AVAILABILITY = YES_AGGRESSIVE;
				CLANG_WARN_UNREACHABLE_CODE = YES;
				CLANG_WARN__DUPLICATE_METHOD_MATCH = YES;
				COPY_PHASE_STRIP = NO;
				DEBUG_INFORMATION_FORMAT = "dwarf-with-dsym";
				ENABLE_NS_ASSERTIONS = NO;
				ENABLE_STRICT_OBJC_MSGSEND = YES;
				GCC_C_LANGUAGE_STANDARD = gnu11;
				GCC_NO_COMMON_BLOCKS = YES;
				GCC_WARN_64_TO_32_BIT_CONVERSION = YES;
				GCC_WARN_ABOUT_RETURN_TYPE = YES_ERROR;
				GCC_WARN_UNDECLARED_SELECTOR = YES;
				GCC_WARN_UNINITIALIZED_AUTOS = YES_AGGRESSIVE;
				GCC_WARN_UNUSED_FUNCTION = YES;
				GCC_WARN_UNUSED_VARIABLE = YES;
				IPHONEOS_DEPLOYMENT_TARGET = 13.5;
				MTL_ENABLE_DEBUG_INFO = NO;
				MTL_FAST_MATH = YES;
				SDKROOT = iphoneos;
				SWIFT_COMPILATION_MODE = wholemodule;
				SWIFT_OPTIMIZATION_LEVEL = "-O";
				VALIDATE_PRODUCT = YES;
			};
			name = Release;
		};
		35D4521A248C31CC00C259C0 /* Debug */ = {
			isa = XCBuildConfiguration;
			buildSettings = {
				ASSETCATALOG_COMPILER_APPICON_NAME = AppIcon;
				CODE_SIGN_STYLE = Automatic;
				INFOPLIST_FILE = MyHeroApp/Info.plist;
				LD_RUNPATH_SEARCH_PATHS = (
					"$(inherited)",
					"@executable_path/Frameworks",
				);
				PRODUCT_BUNDLE_IDENTIFIER = com.dicoding.academy.MyHeroApp;
				PRODUCT_NAME = "$(TARGET_NAME)";
				SWIFT_VERSION = 5.0;
				TARGETED_DEVICE_FAMILY = "1,2";
			};
			name = Debug;
		};
		35D4521B248C31CC00C259C0 /* Release */ = {
			isa = XCBuildConfiguration;
			buildSettings = {
				ASSETCATALOG_COMPILER_APPICON_NAME = AppIcon;
				CODE_SIGN_STYLE = Automatic;
				INFOPLIST_FILE = MyHeroApp/Info.plist;
				LD_RUNPATH_SEARCH_PATHS = (
					"$(inherited)",
					"@executable_path/Frameworks",
				);
				PRODUCT_BUNDLE_IDENTIFIER = com.dicoding.academy.MyHeroApp;
				PRODUCT_NAME = "$(TARGET_NAME)";
				SWIFT_VERSION = 5.0;
				TARGETED_DEVICE_FAMILY = "1,2";
			};
			name = Release;
		};
/* End XCBuildConfiguration section */

/* Begin XCConfigurationList section */
		35D45200248C31CB00C259C0 /* Build configuration list for PBXProject "MyHeroApp" */ = {
			isa = XCConfigurationList;
			buildConfigurations = (
				35D45217248C31CC00C259C0 /* Debug */,
				35D45218248C31CC00C259C0 /* Release */,
			);
			defaultConfigurationIsVisible = 0;
			defaultConfigurationName = Release;
		};
		35D45219248C31CC00C259C0 /* Build configuration list for PBXNativeTarget "MyHeroApp" */ = {
			isa = XCConfigurationList;
			buildConfigurations = (
				35D4521A248C31CC00C259C0 /* Debug */,
				35D4521B248C31CC00C259C0 /* Release */,
			);
			defaultConfigurationIsVisible = 0;
			defaultConfigurationName = Release;
		};
/* End XCConfigurationList section */
	};
	rootObject = 35D451FD248C31CB00C259C0 /* Project object */;
}
